PODS:
  - Alamofire (4.9.1)
  - NVActivityIndicatorView (4.8.0):
    - NVActivityIndicatorView/Presenter (= 4.8.0)
  - NVActivityIndicatorView/Presenter (4.8.0)
  - SVProgressHUD (2.2.5)

DEPENDENCIES:
  - Alamofire
  - NVActivityIndicatorView
  - SVProgressHUD

SPEC REPOS:
  trunk:
    - Alamofire
    - NVActivityIndicatorView
    - SVProgressHUD

SPEC CHECKSUMS:
  Alamofire: 85e8a02c69d6020a0d734f6054870d7ecb75cf18
  NVActivityIndicatorView: d24b7ebcf80af5dcd994adb650e2b6c93379270f
  SVProgressHUD: 1428aafac632c1f86f62aa4243ec12008d7a51d6

PODFILE CHECKSUM: 5d058d6cb056a45c3d0174b7697f4b7489658a67

COCOAPODS: 1.8.4
