// !$*UTF8*$!
{
	archiveVersion = 1;
	classes = {
	};
	objectVersion = 51;
	objects = {

/* Begin PBXBuildFile section */
		695CE9F09F9E51CD64738581 /* Pods_NewsAPI.framework in Frameworks */ = {isa = PBXBuildFile; fileRef = 3A2426F04C59D631AA3C2AE3 /* Pods_NewsAPI.framework */; };
		C18580CD23ADA77600AD3531 /* AppDelegate.swift in Sources */ = {isa = PBXBuildFile; fileRef = C18580CC23ADA77600AD3531 /* AppDelegate.swift */; };
		C18580CF23ADA77600AD3531 /* SceneDelegate.swift in Sources */ = {isa = PBXBuildFile; fileRef = C18580CE23ADA77600AD3531 /* SceneDelegate.swift */; };
		C18580D123ADA77600AD3531 /* ViewController.swift in Sources */ = {isa = PBXBuildFile; fileRef = C18580D023ADA77600AD3531 /* ViewController.swift */; };
		C18580D423ADA77600AD3531 /* Main.storyboard in Resources */ = {isa = PBXBuildFile; fileRef = C18580D223ADA77600AD3531 /* Main.storyboard */; };
		C18580D623ADA77A00AD3531 /* Assets.xcassets in Resources */ = {isa = PBXBuildFile; fileRef = C18580D523ADA77A00AD3531 /* Assets.xcassets */; };
		C18580D923ADA77A00AD3531 /* LaunchScreen.storyboard in Resources */ = {isa = PBXBuildFile; fileRef = C18580D723ADA77A00AD3531 /* LaunchScreen.storyboard */; };
		C185812123ADAE7300AD3531 /* Article.swift in Sources */ = {isa = PBXBuildFile; fileRef = C185812023ADAE7300AD3531 /* Article.swift */; };
		C185812323ADB4D500AD3531 /* TableViewCell.swift in Sources */ = {isa = PBXBuildFile; fileRef = C185812223ADB4D500AD3531 /* TableViewCell.swift */; };
		C185812523ADB7D000AD3531 /* ViewController+Extension.swift in Sources */ = {isa = PBXBuildFile; fileRef = C185812423ADB7D000AD3531 /* ViewController+Extension.swift */; };
/* End PBXBuildFile section */

/* Begin PBXFileReference section */
		0362611540118284BD67B56A /* Pods-NewsAPI.debug.xcconfig */ = {isa = PBXFileReference; includeInIndex = 1; lastKnownFileType = text.xcconfig; name = "Pods-NewsAPI.debug.xcconfig"; path = "Target Support Files/Pods-NewsAPI/Pods-NewsAPI.debug.xcconfig"; sourceTree = "<group>"; };
		3A2426F04C59D631AA3C2AE3 /* Pods_NewsAPI.framework */ = {isa = PBXFileReference; explicitFileType = wrapper.framework; includeInIndex = 0; path = Pods_NewsAPI.framework; sourceTree = BUILT_PRODUCTS_DIR; };
		B4557FE5392DF659D2F9EA7B /* Pods-NewsAPI.release.xcconfig */ = {isa = PBXFileReference; includeInIndex = 1; lastKnownFileType = text.xcconfig; name = "Pods-NewsAPI.release.xcconfig"; path = "Target Support Files/Pods-NewsAPI/Pods-NewsAPI.release.xcconfig"; sourceTree = "<group>"; };
		C18580C923ADA77600AD3531 /* NewsAPI.app */ = {isa = PBXFileReference; explicitFileType = wrapper.application; includeInIndex = 0; path = NewsAPI.app; sourceTree = BUILT_PRODUCTS_DIR; };
		C18580CC23ADA77600AD3531 /* AppDelegate.swift */ = {isa = PBXFileReference; lastKnownFileType = sourcecode.swift; path = AppDelegate.swift; sourceTree = "<group>"; };
		C18580CE23ADA77600AD3531 /* SceneDelegate.swift */ = {isa = PBXFileReference; lastKnownFileType = sourcecode.swift; path = SceneDelegate.swift; sourceTree = "<group>"; };
		C18580D023ADA77600AD3531 /* ViewController.swift */ = {isa = PBXFileReference; lastKnownFileType = sourcecode.swift; path = ViewController.swift; sourceTree = "<group>"; };
		C18580D323ADA77600AD3531 /* Base */ = {isa = PBXFileReference; lastKnownFileType = file.storyboard; name = Base; path = Base.lproj/Main.storyboard; sourceTree = "<group>"; };
		C18580D523ADA77A00AD3531 /* Assets.xcassets */ = {isa = PBXFileReference; lastKnownFileType = folder.assetcatalog; path = Assets.xcassets; sourceTree = "<group>"; };
		C18580D823ADA77A00AD3531 /* Base */ = {isa = PBXFileReference; lastKnownFileType = file.storyboard; name = Base; path = Base.lproj/LaunchScreen.storyboard; sourceTree = "<group>"; };
		C18580DA23ADA77A00AD3531 /* Info.plist */ = {isa = PBXFileReference; lastKnownFileType = text.plist.xml; path = Info.plist; sourceTree = "<group>"; };
		C185812023ADAE7300AD3531 /* Article.swift */ = {isa = PBXFileReference; lastKnownFileType = sourcecode.swift; path = Article.swift; sourceTree = "<group>"; };
		C185812223ADB4D500AD3531 /* TableViewCell.swift */ = {isa = PBXFileReference; lastKnownFileType = sourcecode.swift; path = TableViewCell.swift; sourceTree = "<group>"; };
		C185812423ADB7D000AD3531 /* ViewController+Extension.swift */ = {isa = PBXFileReference; lastKnownFileType = sourcecode.swift; path = "ViewController+Extension.swift"; sourceTree = "<group>"; };
/* End PBXFileReference section */

/* Begin PBXFrameworksBuildPhase section */
		C18580C623ADA77600AD3531 /* Frameworks */ = {
			isa = PBXFrameworksBuildPhase;
			buildActionMask = 2147483647;
			files = (
				695CE9F09F9E51CD64738581 /* Pods_NewsAPI.framework in Frameworks */,
			);
			runOnlyForDeploymentPostprocessing = 0;
		};
/* End PBXFrameworksBuildPhase section */

/* Begin PBXGroup section */
		06DA7BD673E8C807ACCD5B3D /* Pods */ = {
			isa = PBXGroup;
			children = (
				0362611540118284BD67B56A /* Pods-NewsAPI.debug.xcconfig */,
				B4557FE5392DF659D2F9EA7B /* Pods-NewsAPI.release.xcconfig */,
			);
			path = Pods;
			sourceTree = "<group>";
		};
		A72E5E0BF8CCE251BC816100 /* Frameworks */ = {
			isa = PBXGroup;
			children = (
				3A2426F04C59D631AA3C2AE3 /* Pods_NewsAPI.framework */,
			);
			name = Frameworks;
			sourceTree = "<group>";
		};
		C18580C023ADA77600AD3531 = {
			isa = PBXGroup;
			children = (
				C18580CB23ADA77600AD3531 /* NewsAPI */,
				C18580CA23ADA77600AD3531 /* Products */,
				06DA7BD673E8C807ACCD5B3D /* Pods */,
				A72E5E0BF8CCE251BC816100 /* Frameworks */,
			);
			sourceTree = "<group>";
		};
		C18580CA23ADA77600AD3531 /* Products */ = {
			isa = PBXGroup;
			children = (
				C18580C923ADA77600AD3531 /* NewsAPI.app */,
			);
			name = Products;
			sourceTree = "<group>";
		};
		C18580CB23ADA77600AD3531 /* NewsAPI */ = {
			isa = PBXGroup;
			children = (
				C18580CC23ADA77600AD3531 /* AppDelegate.swift */,
				C18580CE23ADA77600AD3531 /* SceneDelegate.swift */,
				C18580D023ADA77600AD3531 /* ViewController.swift */,
				C185812423ADB7D000AD3531 /* ViewController+Extension.swift */,
				C18580D223ADA77600AD3531 /* Main.storyboard */,
				C185812223ADB4D500AD3531 /* TableViewCell.swift */,
				C185812023ADAE7300AD3531 /* Article.swift */,
				C18580D523ADA77A00AD3531 /* Assets.xcassets */,
				C18580D723ADA77A00AD3531 /* LaunchScreen.storyboard */,
				C18580DA23ADA77A00AD3531 /* Info.plist */,
			);
			path = NewsAPI;
			sourceTree = "<group>";
		};
/* End PBXGroup section */

/* Begin PBXNativeTarget section */
		C18580C823ADA77600AD3531 /* NewsAPI */ = {
			isa = PBXNativeTarget;
			buildConfigurationList = C18580DD23ADA77A00AD3531 /* Build configuration list for PBXNativeTarget "NewsAPI" */;
			buildPhases = (
				F597862ECCC081547BB4AF6A /* [CP] Check Pods Manifest.lock */,
				C18580C523ADA77600AD3531 /* Sources */,
				C18580C623ADA77600AD3531 /* Frameworks */,
				C18580C723ADA77600AD3531 /* Resources */,
				9F7A117F5025B91328F03F2B /* [CP] Embed Pods Frameworks */,
			);
			buildRules = (
			);
			dependencies = (
			);
			name = NewsAPI;
			productName = NewsAPI;
			productReference = C18580C923ADA77600AD3531 /* NewsAPI.app */;
			productType = "com.apple.product-type.application";
		};
/* End PBXNativeTarget section */

/* Begin PBXProject section */
		C18580C123ADA77600AD3531 /* Project object */ = {
			isa = PBXProject;
			attributes = {
				LastSwiftUpdateCheck = 1130;
				LastUpgradeCheck = 1130;
				ORGANIZATIONNAME = "Taewon Lee";
				TargetAttributes = {
					C18580C823ADA77600AD3531 = {
						CreatedOnToolsVersion = 11.3;
					};
				};
			};
			buildConfigurationList = C18580C423ADA77600AD3531 /* Build configuration list for PBXProject "NewsAPI" */;
			compatibilityVersion = "Xcode 9.3";
			developmentRegion = en;
			hasScannedForEncodings = 0;
			knownRegions = (
				en,
				Base,
			);
			mainGroup = C18580C023ADA77600AD3531;
			productRefGroup = C18580CA23ADA77600AD3531 /* Products */;
			projectDirPath = "";
			projectRoot = "";
			targets = (
				C18580C823ADA77600AD3531 /* NewsAPI */,
			);
		};
/* End PBXProject section */

/* Begin PBXResourcesBuildPhase section */
		C18580C723ADA77600AD3531 /* Resources */ = {
			isa = PBXResourcesBuildPhase;
			buildActionMask = 2147483647;
			files = (
				C18580D923ADA77A00AD3531 /* LaunchScreen.storyboard in Resources */,
				C18580D623ADA77A00AD3531 /* Assets.xcassets in Resources */,
				C18580D423ADA77600AD3531 /* Main.storyboard in Resources */,
			);
			runOnlyForDeploymentPostprocessing = 0;
		};
/* End PBXResourcesBuildPhase section */

/* Begin PBXShellScriptBuildPhase section */
		9F7A117F5025B91328F03F2B /* [CP] Embed Pods Frameworks */ = {
			isa = PBXShellScriptBuildPhase;
			buildActionMask = 2147483647;
			files = (
			);
			inputFileListPaths = (
				"${PODS_ROOT}/Target Support Files/Pods-NewsAPI/Pods-NewsAPI-frameworks-${CONFIGURATION}-input-files.xcfilelist",
			);
			name = "[CP] Embed Pods Frameworks";
			outputFileListPaths = (
				"${PODS_ROOT}/Target Support Files/Pods-NewsAPI/Pods-NewsAPI-frameworks-${CONFIGURATION}-output-files.xcfilelist",
			);
			runOnlyForDeploymentPostprocessing = 0;
			shellPath = /bin/sh;
			shellScript = "\"${PODS_ROOT}/Target Support Files/Pods-NewsAPI/Pods-NewsAPI-frameworks.sh\"\n";
			showEnvVarsInLog = 0;
		};
		F597862ECCC081547BB4AF6A /* [CP] Check Pods Manifest.lock */ = {
			isa = PBXShellScriptBuildPhase;
			buildActionMask = 2147483647;
			files = (
			);
			inputFileListPaths = (
			);
			inputPaths = (
				"${PODS_PODFILE_DIR_PATH}/Podfile.lock",
				"${PODS_ROOT}/Manifest.lock",
			);
			name = "[CP] Check Pods Manifest.lock";
			outputFileListPaths = (
			);
			outputPaths = (
				"$(DERIVED_FILE_DIR)/Pods-NewsAPI-checkManifestLockResult.txt",
			);
			runOnlyForDeploymentPostprocessing = 0;
			shellPath = /bin/sh;
			shellScript = "diff \"${PODS_PODFILE_DIR_PATH}/Podfile.lock\" \"${PODS_ROOT}/Manifest.lock\" > /dev/null\nif [ $? != 0 ] ; then\n    # print error to STDERR\n    echo \"error: The sandbox is not in sync with the Podfile.lock. Run 'pod install' or update your CocoaPods installation.\" >&2\n    exit 1\nfi\n# This output is used by Xcode 'outputs' to avoid re-running this script phase.\necho \"SUCCESS\" > \"${SCRIPT_OUTPUT_FILE_0}\"\n";
			showEnvVarsInLog = 0;
		};
/* End PBXShellScriptBuildPhase section */

/* Begin PBXSourcesBuildPhase section */
		C18580C523ADA77600AD3531 /* Sources */ = {
			isa = PBXSourcesBuildPhase;
			buildActionMask = 2147483647;
			files = (
				C185812323ADB4D500AD3531 /* TableViewCell.swift in Sources */,
				C185812123ADAE7300AD3531 /* Article.swift in Sources */,
				C185812523ADB7D000AD3531 /* ViewController+Extension.swift in Sources */,
				C18580D123ADA77600AD3531 /* ViewController.swift in Sources */,
				C18580CD23ADA77600AD3531 /* AppDelegate.swift in Sources */,
				C18580CF23ADA77600AD3531 /* SceneDelegate.swift in Sources */,
			);
			runOnlyForDeploymentPostprocessing = 0;
		};
/* End PBXSourcesBuildPhase section */

/* Begin PBXVariantGroup section */
		C18580D223ADA77600AD3531 /* Main.storyboard */ = {
			isa = PBXVariantGroup;
			children = (
				C18580D323ADA77600AD3531 /* Base */,
			);
			name = Main.storyboard;
			sourceTree = "<group>";
		};
		C18580D723ADA77A00AD3531 /* LaunchScreen.storyboard */ = {
			isa = PBXVariantGroup;
			children = (
				C18580D823ADA77A00AD3531 /* Base */,
			);
			name = LaunchScreen.storyboard;
			sourceTree = "<group>";
		};
/* End PBXVariantGroup section */

/* Begin XCBuildConfiguration section */
		C18580DB23ADA77A00AD3531 /* Debug */ = {
			isa = XCBuildConfiguration;
			buildSettings = {
				ALWAYS_SEARCH_USER_PATHS = NO;
				CLANG_ANALYZER_NONNULL = YES;
				CLANG_ANALYZER_NUMBER_OBJECT_CONVERSION = YES_AGGRESSIVE;
				CLANG_CXX_LANGUAGE_STANDARD = "gnu++14";
				CLANG_CXX_LIBRARY = "libc++";
				CLANG_ENABLE_MODULES = YES;
				CLANG_ENABLE_OBJC_ARC = YES;
				CLANG_ENABLE_OBJC_WEAK = YES;
				CLANG_WARN_BLOCK_CAPTURE_AUTORELEASING = YES;
				CLANG_WARN_BOOL_CONVERSION = YES;
				CLANG_WARN_COMMA = YES;
				CLANG_WARN_CONSTANT_CONVERSION = YES;
				CLANG_WARN_DEPRECATED_OBJC_IMPLEMENTATIONS = YES;
				CLANG_WARN_DIRECT_OBJC_ISA_USAGE = YES_ERROR;
				CLANG_WARN_DOCUMENTATION_COMMENTS = YES;
				CLANG_WARN_EMPTY_BODY = YES;
				CLANG_WARN_ENUM_CONVERSION = YES;
				CLANG_WARN_INFINITE_RECURSION = YES;
				CLANG_WARN_INT_CONVERSION = YES;
				CLANG_WARN_NON_LITERAL_NULL_CONVERSION = YES;
				CLANG_WARN_OBJC_IMPLICIT_RETAIN_SELF = YES;
				CLANG_WARN_OBJC_LITERAL_CONVERSION = YES;
				CLANG_WARN_OBJC_ROOT_CLASS = YES_ERROR;
				CLANG_WARN_RANGE_LOOP_ANALYSIS = YES;
				CLANG_WARN_STRICT_PROTOTYPES = YES;
				CLANG_WARN_SUSPICIOUS_MOVE = YES;
				CLANG_WARN_UNGUARDED_AVAILABILITY = YES_AGGRESSIVE;
				CLANG_WARN_UNREACHABLE_CODE = YES;
				CLANG_WARN__DUPLICATE_METHOD_MATCH = YES;
				COPY_PHASE_STRIP = NO;
				DEBUG_INFORMATION_FORMAT = dwarf;
				ENABLE_STRICT_OBJC_MSGSEND = YES;
				ENABLE_TESTABILITY = YES;
				GCC_C_LANGUAGE_STANDARD = gnu11;
				GCC_DYNAMIC_NO_PIC = NO;
				GCC_NO_COMMON_BLOCKS = YES;
				GCC_OPTIMIZATION_LEVEL = 0;
				GCC_PREPROCESSOR_DEFINITIONS = (
					"DEBUG=1",
					"$(inherited)",
				);
				GCC_WARN_64_TO_32_BIT_CONVERSION = YES;
				GCC_WARN_ABOUT_RETURN_TYPE = YES_ERROR;
				GCC_WARN_UNDECLARED_SELECTOR = YES;
				GCC_WARN_UNINITIALIZED_AUTOS = YES_AGGRESSIVE;
				GCC_WARN_UNUSED_FUNCTION = YES;
				GCC_WARN_UNUSED_VARIABLE = YES;
				IPHONEOS_DEPLOYMENT_TARGET = 13.2;
				MTL_ENABLE_DEBUG_INFO = INCLUDE_SOURCE;
				MTL_FAST_MATH = YES;
				ONLY_ACTIVE_ARCH = YES;
				SDKROOT = iphoneos;
				SWIFT_ACTIVE_COMPILATION_CONDITIONS = DEBUG;
				SWIFT_OPTIMIZATION_LEVEL = "-Onone";
			};
			name = Debug;
		};
		C18580DC23ADA77A00AD3531 /* Release */ = {
			isa = XCBuildConfiguration;
			buildSettings = {
				ALWAYS_SEARCH_USER_PATHS = NO;
				CLANG_ANALYZER_NONNULL = YES;
				CLANG_ANALYZER_NUMBER_OBJECT_CONVERSION = YES_AGGRESSIVE;
				CLANG_CXX_LANGUAGE_STANDARD = "gnu++14";
				CLANG_CXX_LIBRARY = "libc++";
				CLANG_ENABLE_MODULES = YES;
				CLANG_ENABLE_OBJC_ARC = YES;
				CLANG_ENABLE_OBJC_WEAK = YES;
				CLANG_WARN_BLOCK_CAPTURE_AUTORELEASING = YES;
				CLANG_WARN_BOOL_CONVERSION = YES;
				CLANG_WARN_COMMA = YES;
				CLANG_WARN_CONSTANT_CONVERSION = YES;
				CLANG_WARN_DEPRECATED_OBJC_IMPLEMENTATIONS = YES;
				CLANG_WARN_DIRECT_OBJC_ISA_USAGE = YES_ERROR;
				CLANG_WARN_DOCUMENTATION_COMMENTS = YES;
				CLANG_WARN_EMPTY_BODY = YES;
				CLANG_WARN_ENUM_CONVERSION = YES;
				CLANG_WARN_INFINITE_RECURSION = YES;
				CLANG_WARN_INT_CONVERSION = YES;
				CLANG_WARN_NON_LITERAL_NULL_CONVERSION = YES;
				CLANG_WARN_OBJC_IMPLICIT_RETAIN_SELF = YES;
				CLANG_WARN_OBJC_LITERAL_CONVERSION = YES;
				CLANG_WARN_OBJC_ROOT_CLASS = YES_ERROR;
				CLANG_WARN_RANGE_LOOP_ANALYSIS = YES;
				CLANG_WARN_STRICT_PROTOTYPES = YES;
				CLANG_WARN_SUSPICIOUS_MOVE = YES;
				CLANG_WARN_UNGUARDED_AVAILABILITY = YES_AGGRESSIVE;
				CLANG_WARN_UNREACHABLE_CODE = YES;
				CLANG_WARN__DUPLICATE_METHOD_MATCH = YES;
				COPY_PHASE_STRIP = NO;
				DEBUG_INFORMATION_FORMAT = "dwarf-with-dsym";
				ENABLE_NS_ASSERTIONS = NO;
				ENABLE_STRICT_OBJC_MSGSEND = YES;
				GCC_C_LANGUAGE_STANDARD = gnu11;
				GCC_NO_COMMON_BLOCKS = YES;
				GCC_WARN_64_TO_32_BIT_CONVERSION = YES;
				GCC_WARN_ABOUT_RETURN_TYPE = YES_ERROR;
				GCC_WARN_UNDECLARED_SELECTOR = YES;
				GCC_WARN_UNINITIALIZED_AUTOS = YES_AGGRESSIVE;
				GCC_WARN_UNUSED_FUNCTION = YES;
				GCC_WARN_UNUSED_VARIABLE = YES;
				IPHONEOS_DEPLOYMENT_TARGET = 13.2;
				MTL_ENABLE_DEBUG_INFO = NO;
				MTL_FAST_MATH = YES;
				SDKROOT = iphoneos;
				SWIFT_COMPILATION_MODE = wholemodule;
				SWIFT_OPTIMIZATION_LEVEL = "-O";
				VALIDATE_PRODUCT = YES;
			};
			name = Release;
		};
		C18580DE23ADA77A00AD3531 /* Debug */ = {
			isa = XCBuildConfiguration;
			baseConfigurationReference = 0362611540118284BD67B56A /* Pods-NewsAPI.debug.xcconfig */;
			buildSettings = {
				ASSETCATALOG_COMPILER_APPICON_NAME = AppIcon;
				CODE_SIGN_STYLE = Automatic;
				INFOPLIST_FILE = NewsAPI/Info.plist;
				LD_RUNPATH_SEARCH_PATHS = (
					"$(inherited)",
					"@executable_path/Frameworks",
				);
				PRODUCT_BUNDLE_IDENTIFIER = com.tw.NewsAPI;
				PRODUCT_NAME = "$(TARGET_NAME)";
				SWIFT_VERSION = 5.0;
				TARGETED_DEVICE_FAMILY = "1,2";
			};
			name = Debug;
		};
		C18580DF23ADA77A00AD3531 /* Release */ = {
			isa = XCBuildConfiguration;
			baseConfigurationReference = B4557FE5392DF659D2F9EA7B /* Pods-NewsAPI.release.xcconfig */;
			buildSettings = {
				ASSETCATALOG_COMPILER_APPICON_NAME = AppIcon;
				CODE_SIGN_STYLE = Automatic;
				INFOPLIST_FILE = NewsAPI/Info.plist;
				LD_RUNPATH_SEARCH_PATHS = (
					"$(inherited)",
					"@executable_path/Frameworks",
				);
				PRODUCT_BUNDLE_IDENTIFIER = com.tw.NewsAPI;
				PRODUCT_NAME = "$(TARGET_NAME)";
				SWIFT_VERSION = 5.0;
				TARGETED_DEVICE_FAMILY = "1,2";
			};
			name = Release;
		};
/* End XCBuildConfiguration section */

/* Begin XCConfigurationList section */
		C18580C423ADA77600AD3531 /* Build configuration list for PBXProject "NewsAPI" */ = {
			isa = XCConfigurationList;
			buildConfigurations = (
				C18580DB23ADA77A00AD3531 /* Debug */,
				C18580DC23ADA77A00AD3531 /* Release */,
			);
			defaultConfigurationIsVisible = 0;
			defaultConfigurationName = Release;
		};
		C18580DD23ADA77A00AD3531 /* Build configuration list for PBXNativeTarget "NewsAPI" */ = {
			isa = XCConfigurationList;
			buildConfigurations = (
				C18580DE23ADA77A00AD3531 /* Debug */,
				C18580DF23ADA77A00AD3531 /* Release */,
			);
			defaultConfigurationIsVisible = 0;
			defaultConfigurationName = Release;
		};
/* End XCConfigurationList section */
	};
	rootObject = C18580C123ADA77600AD3531 /* Project object */;
}
