// !$*UTF8*$!
{
	archiveVersion = 1;
	classes = {
	};
	objectVersion = 50;
	objects = {

/* Begin PBXBuildFile section */
		BDA2744188807B5233BB174A /* Pods_Move_Screen.framework in Frameworks */ = {isa = PBXBuildFile; fileRef = 4840B51D5CB320F93FD3F85E /* Pods_Move_Screen.framework */; };
		C12BD55B239FC59500B632B8 /* AppDelegate.swift in Sources */ = {isa = PBXBuildFile; fileRef = C12BD55A239FC59500B632B8 /* AppDelegate.swift */; };
		C12BD55D239FC59500B632B8 /* SceneDelegate.swift in Sources */ = {isa = PBXBuildFile; fileRef = C12BD55C239FC59500B632B8 /* SceneDelegate.swift */; };
		C12BD55F239FC59500B632B8 /* ViewController.swift in Sources */ = {isa = PBXBuildFile; fileRef = C12BD55E239FC59500B632B8 /* ViewController.swift */; };
		C12BD562239FC59500B632B8 /* Main.storyboard in Resources */ = {isa = PBXBuildFile; fileRef = C12BD560239FC59500B632B8 /* Main.storyboard */; };
		C12BD564239FC59600B632B8 /* Assets.xcassets in Resources */ = {isa = PBXBuildFile; fileRef = C12BD563239FC59600B632B8 /* Assets.xcassets */; };
		C12BD567239FC59600B632B8 /* LaunchScreen.storyboard in Resources */ = {isa = PBXBuildFile; fileRef = C12BD565239FC59600B632B8 /* LaunchScreen.storyboard */; };
/* End PBXBuildFile section */

/* Begin PBXFileReference section */
		4840B51D5CB320F93FD3F85E /* Pods_Move_Screen.framework */ = {isa = PBXFileReference; explicitFileType = wrapper.framework; includeInIndex = 0; path = Pods_Move_Screen.framework; sourceTree = BUILT_PRODUCTS_DIR; };
		61CA2CABE538D6A7B15522D6 /* Pods-Move_Screen.debug.xcconfig */ = {isa = PBXFileReference; includeInIndex = 1; lastKnownFileType = text.xcconfig; name = "Pods-Move_Screen.debug.xcconfig"; path = "Target Support Files/Pods-Move_Screen/Pods-Move_Screen.debug.xcconfig"; sourceTree = "<group>"; };
		6F85F12C61788E41577C7AEE /* Pods-Move_Screen.release.xcconfig */ = {isa = PBXFileReference; includeInIndex = 1; lastKnownFileType = text.xcconfig; name = "Pods-Move_Screen.release.xcconfig"; path = "Target Support Files/Pods-Move_Screen/Pods-Move_Screen.release.xcconfig"; sourceTree = "<group>"; };
		C12BD557239FC59500B632B8 /* Move_Screen.app */ = {isa = PBXFileReference; explicitFileType = wrapper.application; includeInIndex = 0; path = Move_Screen.app; sourceTree = BUILT_PRODUCTS_DIR; };
		C12BD55A239FC59500B632B8 /* AppDelegate.swift */ = {isa = PBXFileReference; lastKnownFileType = sourcecode.swift; path = AppDelegate.swift; sourceTree = "<group>"; };
		C12BD55C239FC59500B632B8 /* SceneDelegate.swift */ = {isa = PBXFileReference; lastKnownFileType = sourcecode.swift; path = SceneDelegate.swift; sourceTree = "<group>"; };
		C12BD55E239FC59500B632B8 /* ViewController.swift */ = {isa = PBXFileReference; lastKnownFileType = sourcecode.swift; path = ViewController.swift; sourceTree = "<group>"; };
		C12BD561239FC59500B632B8 /* Base */ = {isa = PBXFileReference; lastKnownFileType = file.storyboard; name = Base; path = Base.lproj/Main.storyboard; sourceTree = "<group>"; };
		C12BD563239FC59600B632B8 /* Assets.xcassets */ = {isa = PBXFileReference; lastKnownFileType = folder.assetcatalog; path = Assets.xcassets; sourceTree = "<group>"; };
		C12BD566239FC59600B632B8 /* Base */ = {isa = PBXFileReference; lastKnownFileType = file.storyboard; name = Base; path = Base.lproj/LaunchScreen.storyboard; sourceTree = "<group>"; };
		C12BD568239FC59600B632B8 /* Info.plist */ = {isa = PBXFileReference; lastKnownFileType = text.plist.xml; path = Info.plist; sourceTree = "<group>"; };
/* End PBXFileReference section */

/* Begin PBXFrameworksBuildPhase section */
		C12BD554239FC59500B632B8 /* Frameworks */ = {
			isa = PBXFrameworksBuildPhase;
			buildActionMask = 2147483647;
			files = (
				BDA2744188807B5233BB174A /* Pods_Move_Screen.framework in Frameworks */,
			);
			runOnlyForDeploymentPostprocessing = 0;
		};
/* End PBXFrameworksBuildPhase section */

/* Begin PBXGroup section */
		0441D74EBB0F0B8D360C2723 /* Pods */ = {
			isa = PBXGroup;
			children = (
				61CA2CABE538D6A7B15522D6 /* Pods-Move_Screen.debug.xcconfig */,
				6F85F12C61788E41577C7AEE /* Pods-Move_Screen.release.xcconfig */,
			);
			name = Pods;
			path = Pods;
			sourceTree = "<group>";
		};
		366BD674592297D8BC2785E0 /* Frameworks */ = {
			isa = PBXGroup;
			children = (
				4840B51D5CB320F93FD3F85E /* Pods_Move_Screen.framework */,
			);
			name = Frameworks;
			sourceTree = "<group>";
		};
		C12BD54E239FC59500B632B8 = {
			isa = PBXGroup;
			children = (
				C12BD559239FC59500B632B8 /* Move_Screen */,
				C12BD558239FC59500B632B8 /* Products */,
				0441D74EBB0F0B8D360C2723 /* Pods */,
				366BD674592297D8BC2785E0 /* Frameworks */,
			);
			sourceTree = "<group>";
		};
		C12BD558239FC59500B632B8 /* Products */ = {
			isa = PBXGroup;
			children = (
				C12BD557239FC59500B632B8 /* Move_Screen.app */,
			);
			name = Products;
			sourceTree = "<group>";
		};
		C12BD559239FC59500B632B8 /* Move_Screen */ = {
			isa = PBXGroup;
			children = (
				C12BD55A239FC59500B632B8 /* AppDelegate.swift */,
				C12BD55C239FC59500B632B8 /* SceneDelegate.swift */,
				C12BD55E239FC59500B632B8 /* ViewController.swift */,
				C12BD560239FC59500B632B8 /* Main.storyboard */,
				C12BD563239FC59600B632B8 /* Assets.xcassets */,
				C12BD565239FC59600B632B8 /* LaunchScreen.storyboard */,
				C12BD568239FC59600B632B8 /* Info.plist */,
			);
			path = Move_Screen;
			sourceTree = "<group>";
		};
/* End PBXGroup section */

/* Begin PBXNativeTarget section */
		C12BD556239FC59500B632B8 /* Move_Screen */ = {
			isa = PBXNativeTarget;
			buildConfigurationList = C12BD56B239FC59600B632B8 /* Build configuration list for PBXNativeTarget "Move_Screen" */;
			buildPhases = (
				A4D1DDA08CA81D68B43CB328 /* [CP] Check Pods Manifest.lock */,
				C12BD553239FC59500B632B8 /* Sources */,
				C12BD554239FC59500B632B8 /* Frameworks */,
				C12BD555239FC59500B632B8 /* Resources */,
				D9ECF8A1E1994BA4ABCFE9C1 /* [CP] Embed Pods Frameworks */,
			);
			buildRules = (
			);
			dependencies = (
			);
			name = Move_Screen;
			productName = Move_Screen;
			productReference = C12BD557239FC59500B632B8 /* Move_Screen.app */;
			productType = "com.apple.product-type.application";
		};
/* End PBXNativeTarget section */

/* Begin PBXProject section */
		C12BD54F239FC59500B632B8 /* Project object */ = {
			isa = PBXProject;
			attributes = {
				LastSwiftUpdateCheck = 1120;
				LastUpgradeCheck = 1120;
				ORGANIZATIONNAME = "Taewon Lee";
				TargetAttributes = {
					C12BD556239FC59500B632B8 = {
						CreatedOnToolsVersion = 11.2.1;
					};
				};
			};
			buildConfigurationList = C12BD552239FC59500B632B8 /* Build configuration list for PBXProject "Move_Screen" */;
			compatibilityVersion = "Xcode 9.3";
			developmentRegion = en;
			hasScannedForEncodings = 0;
			knownRegions = (
				en,
				Base,
			);
			mainGroup = C12BD54E239FC59500B632B8;
			productRefGroup = C12BD558239FC59500B632B8 /* Products */;
			projectDirPath = "";
			projectRoot = "";
			targets = (
				C12BD556239FC59500B632B8 /* Move_Screen */,
			);
		};
/* End PBXProject section */

/* Begin PBXResourcesBuildPhase section */
		C12BD555239FC59500B632B8 /* Resources */ = {
			isa = PBXResourcesBuildPhase;
			buildActionMask = 2147483647;
			files = (
				C12BD567239FC59600B632B8 /* LaunchScreen.storyboard in Resources */,
				C12BD564239FC59600B632B8 /* Assets.xcassets in Resources */,
				C12BD562239FC59500B632B8 /* Main.storyboard in Resources */,
			);
			runOnlyForDeploymentPostprocessing = 0;
		};
/* End PBXResourcesBuildPhase section */

/* Begin PBXShellScriptBuildPhase section */
		A4D1DDA08CA81D68B43CB328 /* [CP] Check Pods Manifest.lock */ = {
			isa = PBXShellScriptBuildPhase;
			buildActionMask = 2147483647;
			files = (
			);
			inputFileListPaths = (
			);
			inputPaths = (
				"${PODS_PODFILE_DIR_PATH}/Podfile.lock",
				"${PODS_ROOT}/Manifest.lock",
			);
			name = "[CP] Check Pods Manifest.lock";
			outputFileListPaths = (
			);
			outputPaths = (
				"$(DERIVED_FILE_DIR)/Pods-Move_Screen-checkManifestLockResult.txt",
			);
			runOnlyForDeploymentPostprocessing = 0;
			shellPath = /bin/sh;
			shellScript = "diff \"${PODS_PODFILE_DIR_PATH}/Podfile.lock\" \"${PODS_ROOT}/Manifest.lock\" > /dev/null\nif [ $? != 0 ] ; then\n    # print error to STDERR\n    echo \"error: The sandbox is not in sync with the Podfile.lock. Run 'pod install' or update your CocoaPods installation.\" >&2\n    exit 1\nfi\n# This output is used by Xcode 'outputs' to avoid re-running this script phase.\necho \"SUCCESS\" > \"${SCRIPT_OUTPUT_FILE_0}\"\n";
			showEnvVarsInLog = 0;
		};
		D9ECF8A1E1994BA4ABCFE9C1 /* [CP] Embed Pods Frameworks */ = {
			isa = PBXShellScriptBuildPhase;
			buildActionMask = 2147483647;
			files = (
			);
			inputFileListPaths = (
				"${PODS_ROOT}/Target Support Files/Pods-Move_Screen/Pods-Move_Screen-frameworks-${CONFIGURATION}-input-files.xcfilelist",
			);
			name = "[CP] Embed Pods Frameworks";
			outputFileListPaths = (
				"${PODS_ROOT}/Target Support Files/Pods-Move_Screen/Pods-Move_Screen-frameworks-${CONFIGURATION}-output-files.xcfilelist",
			);
			runOnlyForDeploymentPostprocessing = 0;
			shellPath = /bin/sh;
			shellScript = "\"${PODS_ROOT}/Target Support Files/Pods-Move_Screen/Pods-Move_Screen-frameworks.sh\"\n";
			showEnvVarsInLog = 0;
		};
/* End PBXShellScriptBuildPhase section */

/* Begin PBXSourcesBuildPhase section */
		C12BD553239FC59500B632B8 /* Sources */ = {
			isa = PBXSourcesBuildPhase;
			buildActionMask = 2147483647;
			files = (
				C12BD55F239FC59500B632B8 /* ViewController.swift in Sources */,
				C12BD55B239FC59500B632B8 /* AppDelegate.swift in Sources */,
				C12BD55D239FC59500B632B8 /* SceneDelegate.swift in Sources */,
			);
			runOnlyForDeploymentPostprocessing = 0;
		};
/* End PBXSourcesBuildPhase section */

/* Begin PBXVariantGroup section */
		C12BD560239FC59500B632B8 /* Main.storyboard */ = {
			isa = PBXVariantGroup;
			children = (
				C12BD561239FC59500B632B8 /* Base */,
			);
			name = Main.storyboard;
			sourceTree = "<group>";
		};
		C12BD565239FC59600B632B8 /* LaunchScreen.storyboard */ = {
			isa = PBXVariantGroup;
			children = (
				C12BD566239FC59600B632B8 /* Base */,
			);
			name = LaunchScreen.storyboard;
			sourceTree = "<group>";
		};
/* End PBXVariantGroup section */

/* Begin XCBuildConfiguration section */
		C12BD569239FC59600B632B8 /* Debug */ = {
			isa = XCBuildConfiguration;
			buildSettings = {
				ALWAYS_SEARCH_USER_PATHS = NO;
				CLANG_ANALYZER_NONNULL = YES;
				CLANG_ANALYZER_NUMBER_OBJECT_CONVERSION = YES_AGGRESSIVE;
				CLANG_CXX_LANGUAGE_STANDARD = "gnu++14";
				CLANG_CXX_LIBRARY = "libc++";
				CLANG_ENABLE_MODULES = YES;
				CLANG_ENABLE_OBJC_ARC = YES;
				CLANG_ENABLE_OBJC_WEAK = YES;
				CLANG_WARN_BLOCK_CAPTURE_AUTORELEASING = YES;
				CLANG_WARN_BOOL_CONVERSION = YES;
				CLANG_WARN_COMMA = YES;
				CLANG_WARN_CONSTANT_CONVERSION = YES;
				CLANG_WARN_DEPRECATED_OBJC_IMPLEMENTATIONS = YES;
				CLANG_WARN_DIRECT_OBJC_ISA_USAGE = YES_ERROR;
				CLANG_WARN_DOCUMENTATION_COMMENTS = YES;
				CLANG_WARN_EMPTY_BODY = YES;
				CLANG_WARN_ENUM_CONVERSION = YES;
				CLANG_WARN_INFINITE_RECURSION = YES;
				CLANG_WARN_INT_CONVERSION = YES;
				CLANG_WARN_NON_LITERAL_NULL_CONVERSION = YES;
				CLANG_WARN_OBJC_IMPLICIT_RETAIN_SELF = YES;
				CLANG_WARN_OBJC_LITERAL_CONVERSION = YES;
				CLANG_WARN_OBJC_ROOT_CLASS = YES_ERROR;
				CLANG_WARN_RANGE_LOOP_ANALYSIS = YES;
				CLANG_WARN_STRICT_PROTOTYPES = YES;
				CLANG_WARN_SUSPICIOUS_MOVE = YES;
				CLANG_WARN_UNGUARDED_AVAILABILITY = YES_AGGRESSIVE;
				CLANG_WARN_UNREACHABLE_CODE = YES;
				CLANG_WARN__DUPLICATE_METHOD_MATCH = YES;
				COPY_PHASE_STRIP = NO;
				DEBUG_INFORMATION_FORMAT = dwarf;
				ENABLE_STRICT_OBJC_MSGSEND = YES;
				ENABLE_TESTABILITY = YES;
				GCC_C_LANGUAGE_STANDARD = gnu11;
				GCC_DYNAMIC_NO_PIC = NO;
				GCC_NO_COMMON_BLOCKS = YES;
				GCC_OPTIMIZATION_LEVEL = 0;
				GCC_PREPROCESSOR_DEFINITIONS = (
					"DEBUG=1",
					"$(inherited)",
				);
				GCC_WARN_64_TO_32_BIT_CONVERSION = YES;
				GCC_WARN_ABOUT_RETURN_TYPE = YES_ERROR;
				GCC_WARN_UNDECLARED_SELECTOR = YES;
				GCC_WARN_UNINITIALIZED_AUTOS = YES_AGGRESSIVE;
				GCC_WARN_UNUSED_FUNCTION = YES;
				GCC_WARN_UNUSED_VARIABLE = YES;
				IPHONEOS_DEPLOYMENT_TARGET = 13.2;
				MTL_ENABLE_DEBUG_INFO = INCLUDE_SOURCE;
				MTL_FAST_MATH = YES;
				ONLY_ACTIVE_ARCH = YES;
				SDKROOT = iphoneos;
				SWIFT_ACTIVE_COMPILATION_CONDITIONS = DEBUG;
				SWIFT_OPTIMIZATION_LEVEL = "-Onone";
			};
			name = Debug;
		};
		C12BD56A239FC59600B632B8 /* Release */ = {
			isa = XCBuildConfiguration;
			buildSettings = {
				ALWAYS_SEARCH_USER_PATHS = NO;
				CLANG_ANALYZER_NONNULL = YES;
				CLANG_ANALYZER_NUMBER_OBJECT_CONVERSION = YES_AGGRESSIVE;
				CLANG_CXX_LANGUAGE_STANDARD = "gnu++14";
				CLANG_CXX_LIBRARY = "libc++";
				CLANG_ENABLE_MODULES = YES;
				CLANG_ENABLE_OBJC_ARC = YES;
				CLANG_ENABLE_OBJC_WEAK = YES;
				CLANG_WARN_BLOCK_CAPTURE_AUTORELEASING = YES;
				CLANG_WARN_BOOL_CONVERSION = YES;
				CLANG_WARN_COMMA = YES;
				CLANG_WARN_CONSTANT_CONVERSION = YES;
				CLANG_WARN_DEPRECATED_OBJC_IMPLEMENTATIONS = YES;
				CLANG_WARN_DIRECT_OBJC_ISA_USAGE = YES_ERROR;
				CLANG_WARN_DOCUMENTATION_COMMENTS = YES;
				CLANG_WARN_EMPTY_BODY = YES;
				CLANG_WARN_ENUM_CONVERSION = YES;
				CLANG_WARN_INFINITE_RECURSION = YES;
				CLANG_WARN_INT_CONVERSION = YES;
				CLANG_WARN_NON_LITERAL_NULL_CONVERSION = YES;
				CLANG_WARN_OBJC_IMPLICIT_RETAIN_SELF = YES;
				CLANG_WARN_OBJC_LITERAL_CONVERSION = YES;
				CLANG_WARN_OBJC_ROOT_CLASS = YES_ERROR;
				CLANG_WARN_RANGE_LOOP_ANALYSIS = YES;
				CLANG_WARN_STRICT_PROTOTYPES = YES;
				CLANG_WARN_SUSPICIOUS_MOVE = YES;
				CLANG_WARN_UNGUARDED_AVAILABILITY = YES_AGGRESSIVE;
				CLANG_WARN_UNREACHABLE_CODE = YES;
				CLANG_WARN__DUPLICATE_METHOD_MATCH = YES;
				COPY_PHASE_STRIP = NO;
				DEBUG_INFORMATION_FORMAT = "dwarf-with-dsym";
				ENABLE_NS_ASSERTIONS = NO;
				ENABLE_STRICT_OBJC_MSGSEND = YES;
				GCC_C_LANGUAGE_STANDARD = gnu11;
				GCC_NO_COMMON_BLOCKS = YES;
				GCC_WARN_64_TO_32_BIT_CONVERSION = YES;
				GCC_WARN_ABOUT_RETURN_TYPE = YES_ERROR;
				GCC_WARN_UNDECLARED_SELECTOR = YES;
				GCC_WARN_UNINITIALIZED_AUTOS = YES_AGGRESSIVE;
				GCC_WARN_UNUSED_FUNCTION = YES;
				GCC_WARN_UNUSED_VARIABLE = YES;
				IPHONEOS_DEPLOYMENT_TARGET = 13.2;
				MTL_ENABLE_DEBUG_INFO = NO;
				MTL_FAST_MATH = YES;
				SDKROOT = iphoneos;
				SWIFT_COMPILATION_MODE = wholemodule;
				SWIFT_OPTIMIZATION_LEVEL = "-O";
				VALIDATE_PRODUCT = YES;
			};
			name = Release;
		};
		C12BD56C239FC59600B632B8 /* Debug */ = {
			isa = XCBuildConfiguration;
			baseConfigurationReference = 61CA2CABE538D6A7B15522D6 /* Pods-Move_Screen.debug.xcconfig */;
			buildSettings = {
				ASSETCATALOG_COMPILER_APPICON_NAME = AppIcon;
				CODE_SIGN_STYLE = Automatic;
				INFOPLIST_FILE = Move_Screen/Info.plist;
				LD_RUNPATH_SEARCH_PATHS = (
					"$(inherited)",
					"@executable_path/Frameworks",
				);
				PRODUCT_BUNDLE_IDENTIFIER = "com.tw.Move-Screen";
				PRODUCT_NAME = "$(TARGET_NAME)";
				SWIFT_VERSION = 5.0;
				TARGETED_DEVICE_FAMILY = "1,2";
			};
			name = Debug;
		};
		C12BD56D239FC59600B632B8 /* Release */ = {
			isa = XCBuildConfiguration;
			baseConfigurationReference = 6F85F12C61788E41577C7AEE /* Pods-Move_Screen.release.xcconfig */;
			buildSettings = {
				ASSETCATALOG_COMPILER_APPICON_NAME = AppIcon;
				CODE_SIGN_STYLE = Automatic;
				INFOPLIST_FILE = Move_Screen/Info.plist;
				LD_RUNPATH_SEARCH_PATHS = (
					"$(inherited)",
					"@executable_path/Frameworks",
				);
				PRODUCT_BUNDLE_IDENTIFIER = "com.tw.Move-Screen";
				PRODUCT_NAME = "$(TARGET_NAME)";
				SWIFT_VERSION = 5.0;
				TARGETED_DEVICE_FAMILY = "1,2";
			};
			name = Release;
		};
/* End XCBuildConfiguration section */

/* Begin XCConfigurationList section */
		C12BD552239FC59500B632B8 /* Build configuration list for PBXProject "Move_Screen" */ = {
			isa = XCConfigurationList;
			buildConfigurations = (
				C12BD569239FC59600B632B8 /* Debug */,
				C12BD56A239FC59600B632B8 /* Release */,
			);
			defaultConfigurationIsVisible = 0;
			defaultConfigurationName = Release;
		};
		C12BD56B239FC59600B632B8 /* Build configuration list for PBXNativeTarget "Move_Screen" */ = {
			isa = XCConfigurationList;
			buildConfigurations = (
				C12BD56C239FC59600B632B8 /* Debug */,
				C12BD56D239FC59600B632B8 /* Release */,
			);
			defaultConfigurationIsVisible = 0;
			defaultConfigurationName = Release;
		};
/* End XCConfigurationList section */
	};
	rootObject = C12BD54F239FC59500B632B8 /* Project object */;
}
